
Microsoft Visual Studio Solution File, Format Version 12.00
# Visual Studio Version 17
VisualStudioVersion = 17.2.32526.322
MinimumVisualStudioVersion = 10.0.40219.1
Project("{FAE04EC0-301F-11D3-BF4B-00C04F79EFBC}") = "Kursovaya_Voloboyeva", "Kursovaya_Voloboyeva\Kursovaya_Voloboyeva.csproj", "{8D0E8069-EC7C-458C-B82B-E4E2A18CCD51}"
EndProject
Global
	GlobalSection(SolutionConfigurationPlatforms) = preSolution
		Debug|Any CPU = Debug|Any CPU
		Release|Any CPU = Release|Any CPU
	EndGlobalSection
	GlobalSection(ProjectConfigurationPlatforms) = postSolution
		{8D0E8069-EC7C-458C-B82B-E4E2A18CCD51}.Debug|Any CPU.ActiveCfg = Debug|Any CPU
		{8D0E8069-EC7C-458C-B82B-E4E2A18CCD51}.Debug|Any CPU.Build.0 = Debug|Any CPU
		{8D0E8069-EC7C-458C-B82B-E4E2A18CCD51}.Release|Any CPU.ActiveCfg = Release|Any CPU
		{8D0E8069-EC7C-458C-B82B-E4E2A18CCD51}.Release|Any CPU.Build.0 = Release|Any CPU
	EndGlobalSection
	GlobalSection(SolutionProperties) = preSolution
		HideSolutionNode = FALSE
	EndGlobalSection
	GlobalSection(ExtensibilityGlobals) = postSolution
		SolutionGuid = {AF697F68-B66F-46AF-8717-F75C1D203D6B}
	EndGlobalSection
EndGlobal
